
Microsoft Visual Studio Solution File, Format Version 12.00
# Visual Studio Version 17
VisualStudioVersion = 17.11.35312.102
MinimumVisualStudioVersion = 10.0.40219.1
Project("{9A19103F-16F7-4668-BE54-9A1E7A4F7556}") = "Scand.StormPetrel.InternalUtils.TextReplacer", "Scand.StormPetrel.InternalUtils.TextReplacer\Scand.StormPetrel.InternalUtils.TextReplacer.csproj", "{6A77EF07-6FF3-48BA-9850-C92F32BA98A7}"
EndProject
Project("{FAE04EC0-301F-11D3-BF4B-00C04F79EFBC}") = "Scand.StormPetrel.InternalUtils.TextReplacer.Test", "Scand.StormPetrel.InternalUtils.TextReplacer.Test\Scand.StormPetrel.InternalUtils.TextReplacer.Test.csproj", "{DFEC1D20-8855-4F84-B00A-5C6167613514}"
EndProject
Global
	GlobalSection(SolutionConfigurationPlatforms) = preSolution
		Debug|Any CPU = Debug|Any CPU
		Release|Any CPU = Release|Any CPU
	EndGlobalSection
	GlobalSection(ProjectConfigurationPlatforms) = postSolution
		{6A77EF07-6FF3-48BA-9850-C92F32BA98A7}.Debug|Any CPU.ActiveCfg = Debug|Any CPU
		{6A77EF07-6FF3-48BA-9850-C92F32BA98A7}.Debug|Any CPU.Build.0 = Debug|Any CPU
		{6A77EF07-6FF3-48BA-9850-C92F32BA98A7}.Release|Any CPU.ActiveCfg = Release|Any CPU
		{6A77EF07-6FF3-48BA-9850-C92F32BA98A7}.Release|Any CPU.Build.0 = Release|Any CPU
		{DFEC1D20-8855-4F84-B00A-5C6167613514}.Debug|Any CPU.ActiveCfg = Debug|Any CPU
		{DFEC1D20-8855-4F84-B00A-5C6167613514}.Debug|Any CPU.Build.0 = Debug|Any CPU
		{DFEC1D20-8855-4F84-B00A-5C6167613514}.Release|Any CPU.ActiveCfg = Release|Any CPU
		{DFEC1D20-8855-4F84-B00A-5C6167613514}.Release|Any CPU.Build.0 = Release|Any CPU
	EndGlobalSection
	GlobalSection(SolutionProperties) = preSolution
		HideSolutionNode = FALSE
	EndGlobalSection
	GlobalSection(ExtensibilityGlobals) = postSolution
		SolutionGuid = {DD93759A-C08F-4114-A67B-8C50985CD616}
	EndGlobalSection
EndGlobal
