
Microsoft Visual Studio Solution File, Format Version 12.00
# Visual Studio Version 17
VisualStudioVersion = 17.13.35825.156
MinimumVisualStudioVersion = 10.0.40219.1
Project("{FAE04EC0-301F-11D3-BF4B-00C04F79EFBC}") = "Scand.StormPetrel.Generator.Analyzer", "Scand.StormPetrel.Generator.Analyzer\Scand.StormPetrel.Generator.Analyzer.csproj", "{E8AF274E-DC78-A8CC-430A-5BB7FB6C533B}"
EndProject
Project("{FAE04EC0-301F-11D3-BF4B-00C04F79EFBC}") = "Scand.StormPetrel.Generator.Common", "..\generator\Scand.StormPetrel.Generator.Common\Scand.StormPetrel.Generator.Common.csproj", "{E3856A76-7529-3BD2-D9DD-5C38524D7341}"
EndProject
Project("{FAE04EC0-301F-11D3-BF4B-00C04F79EFBC}") = "Scand.StormPetrel.Generator.Analyzer.Test", "Scand.StormPetrel.Generator.Analyzer.Test\Scand.StormPetrel.Generator.Analyzer.Test.csproj", "{F4E7ACB4-BC2B-49EA-B75C-9BF4D3D26523}"
EndProject
Project("{FAE04EC0-301F-11D3-BF4B-00C04F79EFBC}") = "Test.Integration.Analyzer", "Test.Integration.Analyzer\Test.Integration.Analyzer.csproj", "{5A4B9D01-E4C8-49FC-9F8A-A0BB602CEDD5}"
EndProject
Project("{FAE04EC0-301F-11D3-BF4B-00C04F79EFBC}") = "Scand.StormPetrel.Rewriter", "..\generator\Scand.StormPetrel.Rewriter\Scand.StormPetrel.Rewriter.csproj", "{000F29A4-7A47-252F-C46A-F3E7ADE7F8E3}"
EndProject
Project("{FAE04EC0-301F-11D3-BF4B-00C04F79EFBC}") = "Test.Integration.AnalyzerWithStormPetrel", "Test.Integration.AnalyzerWithStormPetrel\Test.Integration.AnalyzerWithStormPetrel.csproj", "{6EA410B4-36DB-4F1F-9E8C-9730C4E62F75}"
EndProject
Global
	GlobalSection(SolutionConfigurationPlatforms) = preSolution
		Debug|Any CPU = Debug|Any CPU
		Release|Any CPU = Release|Any CPU
	EndGlobalSection
	GlobalSection(ProjectConfigurationPlatforms) = postSolution
		{E8AF274E-DC78-A8CC-430A-5BB7FB6C533B}.Debug|Any CPU.ActiveCfg = Debug|Any CPU
		{E8AF274E-DC78-A8CC-430A-5BB7FB6C533B}.Debug|Any CPU.Build.0 = Debug|Any CPU
		{E8AF274E-DC78-A8CC-430A-5BB7FB6C533B}.Release|Any CPU.ActiveCfg = Release|Any CPU
		{E8AF274E-DC78-A8CC-430A-5BB7FB6C533B}.Release|Any CPU.Build.0 = Release|Any CPU
		{E3856A76-7529-3BD2-D9DD-5C38524D7341}.Debug|Any CPU.ActiveCfg = Debug|Any CPU
		{E3856A76-7529-3BD2-D9DD-5C38524D7341}.Debug|Any CPU.Build.0 = Debug|Any CPU
		{E3856A76-7529-3BD2-D9DD-5C38524D7341}.Release|Any CPU.ActiveCfg = Release|Any CPU
		{E3856A76-7529-3BD2-D9DD-5C38524D7341}.Release|Any CPU.Build.0 = Release|Any CPU
		{F4E7ACB4-BC2B-49EA-B75C-9BF4D3D26523}.Debug|Any CPU.ActiveCfg = Debug|Any CPU
		{F4E7ACB4-BC2B-49EA-B75C-9BF4D3D26523}.Debug|Any CPU.Build.0 = Debug|Any CPU
		{F4E7ACB4-BC2B-49EA-B75C-9BF4D3D26523}.Release|Any CPU.ActiveCfg = Release|Any CPU
		{F4E7ACB4-BC2B-49EA-B75C-9BF4D3D26523}.Release|Any CPU.Build.0 = Release|Any CPU
		{5A4B9D01-E4C8-49FC-9F8A-A0BB602CEDD5}.Debug|Any CPU.ActiveCfg = Debug|Any CPU
		{5A4B9D01-E4C8-49FC-9F8A-A0BB602CEDD5}.Debug|Any CPU.Build.0 = Debug|Any CPU
		{5A4B9D01-E4C8-49FC-9F8A-A0BB602CEDD5}.Release|Any CPU.ActiveCfg = Release|Any CPU
		{5A4B9D01-E4C8-49FC-9F8A-A0BB602CEDD5}.Release|Any CPU.Build.0 = Release|Any CPU
		{000F29A4-7A47-252F-C46A-F3E7ADE7F8E3}.Debug|Any CPU.ActiveCfg = Debug|Any CPU
		{000F29A4-7A47-252F-C46A-F3E7ADE7F8E3}.Debug|Any CPU.Build.0 = Debug|Any CPU
		{000F29A4-7A47-252F-C46A-F3E7ADE7F8E3}.Release|Any CPU.ActiveCfg = Release|Any CPU
		{000F29A4-7A47-252F-C46A-F3E7ADE7F8E3}.Release|Any CPU.Build.0 = Release|Any CPU
		{6EA410B4-36DB-4F1F-9E8C-9730C4E62F75}.Debug|Any CPU.ActiveCfg = Debug|Any CPU
		{6EA410B4-36DB-4F1F-9E8C-9730C4E62F75}.Debug|Any CPU.Build.0 = Debug|Any CPU
		{6EA410B4-36DB-4F1F-9E8C-9730C4E62F75}.Release|Any CPU.ActiveCfg = Release|Any CPU
		{6EA410B4-36DB-4F1F-9E8C-9730C4E62F75}.Release|Any CPU.Build.0 = Release|Any CPU
	EndGlobalSection
	GlobalSection(SolutionProperties) = preSolution
		HideSolutionNode = FALSE
	EndGlobalSection
	GlobalSection(ExtensibilityGlobals) = postSolution
		SolutionGuid = {4D7B3D95-6386-460E-92D5-4F8C42D82505}
	EndGlobalSection
	GlobalSection(SharedMSBuildProjectFiles) = preSolution
		..\generator\Scand.StormPetrel.Shared\Scand.StormPetrel.Shared.projitems*{000f29a4-7a47-252f-c46a-f3e7ade7f8e3}*SharedItemsImports = 5
		..\generator\Scand.StormPetrel.Shared\Scand.StormPetrel.Shared.projitems*{e3856a76-7529-3bd2-d9dd-5c38524d7341}*SharedItemsImports = 5
	EndGlobalSection
EndGlobal
